
Microsoft Visual Studio Solution File, Format Version 12.00
# Visual Studio Version 16
VisualStudioVersion = 16.0.32602.291
MinimumVisualStudioVersion = 10.0.40219.1
Project("{FAE04EC0-301F-11D3-BF4B-00C04F79EFBC}") = "beadando_form", "beadando_form\beadando_form.csproj", "{7D9DEF7E-A4EE-496F-8AD2-5C4E77E9E6F3}"
EndProject
Global
	GlobalSection(SolutionConfigurationPlatforms) = preSolution
		Debug|Any CPU = Debug|Any CPU
		Release|Any CPU = Release|Any CPU
	EndGlobalSection
	GlobalSection(ProjectConfigurationPlatforms) = postSolution
		{7D9DEF7E-A4EE-496F-8AD2-5C4E77E9E6F3}.Debug|Any CPU.ActiveCfg = Debug|Any CPU
		{7D9DEF7E-A4EE-496F-8AD2-5C4E77E9E6F3}.Debug|Any CPU.Build.0 = Debug|Any CPU
		{7D9DEF7E-A4EE-496F-8AD2-5C4E77E9E6F3}.Release|Any CPU.ActiveCfg = Release|Any CPU
		{7D9DEF7E-A4EE-496F-8AD2-5C4E77E9E6F3}.Release|Any CPU.Build.0 = Release|Any CPU
	EndGlobalSection
	GlobalSection(SolutionProperties) = preSolution
		HideSolutionNode = FALSE
	EndGlobalSection
	GlobalSection(ExtensibilityGlobals) = postSolution
		SolutionGuid = {29079AFA-4000-40F7-ABEF-77C7A05FC79B}
	EndGlobalSection
EndGlobal
